
Microsoft Visual Studio Solution File, Format Version 12.00
# Visual Studio Version 17
VisualStudioVersion = 17.0.31903.59
MinimumVisualStudioVersion = 10.0.40219.1
Project("{FAE04EC0-301F-11D3-BF4B-00C04F79EFBC}") = "AntlrCSharp", "AntlrCSharp\AntlrCSharp.csproj", "{2B8ABD7E-C707-4FF4-B764-FDDF18D5F137}"
EndProject
Project("{FAE04EC0-301F-11D3-BF4B-00C04F79EFBC}") = "AntlrCSharpTests", "AntlrCSharpTests\AntlrCSharpTests.csproj", "{52F4D1D7-AE54-4A6F-A108-1A996FDF2572}"
EndProject
Global
	GlobalSection(SolutionConfigurationPlatforms) = preSolution
		Debug|Any CPU = Debug|Any CPU
		Release|Any CPU = Release|Any CPU
	EndGlobalSection
	GlobalSection(SolutionProperties) = preSolution
		HideSolutionNode = FALSE
	EndGlobalSection
	GlobalSection(ProjectConfigurationPlatforms) = postSolution
		{2B8ABD7E-C707-4FF4-B764-FDDF18D5F137}.Debug|Any CPU.ActiveCfg = Debug|Any CPU
		{2B8ABD7E-C707-4FF4-B764-FDDF18D5F137}.Debug|Any CPU.Build.0 = Debug|Any CPU
		{2B8ABD7E-C707-4FF4-B764-FDDF18D5F137}.Release|Any CPU.ActiveCfg = Release|Any CPU
		{2B8ABD7E-C707-4FF4-B764-FDDF18D5F137}.Release|Any CPU.Build.0 = Release|Any CPU
		{52F4D1D7-AE54-4A6F-A108-1A996FDF2572}.Debug|Any CPU.ActiveCfg = Debug|Any CPU
		{52F4D1D7-AE54-4A6F-A108-1A996FDF2572}.Debug|Any CPU.Build.0 = Debug|Any CPU
		{52F4D1D7-AE54-4A6F-A108-1A996FDF2572}.Release|Any CPU.ActiveCfg = Release|Any CPU
		{52F4D1D7-AE54-4A6F-A108-1A996FDF2572}.Release|Any CPU.Build.0 = Release|Any CPU
	EndGlobalSection
EndGlobal
